
Microsoft Visual Studio Solution File, Format Version 12.00
# Visual Studio Version 16
VisualStudioVersion = 16.0.31702.278
MinimumVisualStudioVersion = 10.0.40219.1
Project("{8BC9CEB8-8B4A-11D0-8D11-00A0C91BC942}") = "Pattern_Task_1_Nikishina_SPU011", "Pattern_Task_1_Nikishina_SPU011.vcxproj", "{533E8801-DC0F-4655-909A-3A46FE2B4E69}"
EndProject
Global
	GlobalSection(SolutionConfigurationPlatforms) = preSolution
		Debug|x64 = Debug|x64
		Debug|x86 = Debug|x86
		Release|x64 = Release|x64
		Release|x86 = Release|x86
	EndGlobalSection
	GlobalSection(ProjectConfigurationPlatforms) = postSolution
		{533E8801-DC0F-4655-909A-3A46FE2B4E69}.Debug|x64.ActiveCfg = Debug|x64
		{533E8801-DC0F-4655-909A-3A46FE2B4E69}.Debug|x64.Build.0 = Debug|x64
		{533E8801-DC0F-4655-909A-3A46FE2B4E69}.Debug|x86.ActiveCfg = Debug|Win32
		{533E8801-DC0F-4655-909A-3A46FE2B4E69}.Debug|x86.Build.0 = Debug|Win32
		{533E8801-DC0F-4655-909A-3A46FE2B4E69}.Release|x64.ActiveCfg = Release|x64
		{533E8801-DC0F-4655-909A-3A46FE2B4E69}.Release|x64.Build.0 = Release|x64
		{533E8801-DC0F-4655-909A-3A46FE2B4E69}.Release|x86.ActiveCfg = Release|Win32
		{533E8801-DC0F-4655-909A-3A46FE2B4E69}.Release|x86.Build.0 = Release|Win32
	EndGlobalSection
	GlobalSection(SolutionProperties) = preSolution
		HideSolutionNode = FALSE
	EndGlobalSection
	GlobalSection(ExtensibilityGlobals) = postSolution
		SolutionGuid = {F49E201D-5C4B-440C-965C-021EC023B001}
	EndGlobalSection
EndGlobal
